// !$*UTF8*$!
{
	archiveVersion = 1;
	classes = {
	};
	objectVersion = 46;
	objects = {

/* Begin PBXBuildFile section */
		85676B671B439022003E0380 /* main.m in Sources */ = {isa = PBXBuildFile; fileRef = 85676B661B439022003E0380 /* main.m */; };
		85676B6A1B439022003E0380 /* AppDelegate.m in Sources */ = {isa = PBXBuildFile; fileRef = 85676B691B439022003E0380 /* AppDelegate.m */; };
		85676B6D1B439022003E0380 /* ViewController.m in Sources */ = {isa = PBXBuildFile; fileRef = 85676B6C1B439022003E0380 /* ViewController.m */; };
		85676B701B439022003E0380 /* Main.storyboard in Resources */ = {isa = PBXBuildFile; fileRef = 85676B6E1B439022003E0380 /* Main.storyboard */; };
		85676B721B439022003E0380 /* Images.xcassets in Resources */ = {isa = PBXBuildFile; fileRef = 85676B711B439022003E0380 /* Images.xcassets */; };
		85676B751B439022003E0380 /* LaunchScreen.xib in Resources */ = {isa = PBXBuildFile; fileRef = 85676B731B439022003E0380 /* LaunchScreen.xib */; };
		85676B811B439022003E0380 /* SBTests.m in Sources */ = {isa = PBXBuildFile; fileRef = 85676B801B439022003E0380 /* SBTests.m */; };
/* End PBXBuildFile section */

/* Begin PBXContainerItemProxy section */
		85676B7B1B439022003E0380 /* PBXContainerItemProxy */ = {
			isa = PBXContainerItemProxy;
			containerPortal = 85676B591B439022003E0380 /* Project object */;
			proxyType = 1;
			remoteGlobalIDString = 85676B601B439022003E0380;
			remoteInfo = SB;
		};
/* End PBXContainerItemProxy section */

/* Begin PBXFileReference section */
		85676B611B439022003E0380 /* SB.app */ = {isa = PBXFileReference; explicitFileType = wrapper.application; includeInIndex = 0; path = SB.app; sourceTree = BUILT_PRODUCTS_DIR; };
		85676B651B439022003E0380 /* Info.plist */ = {isa = PBXFileReference; lastKnownFileType = text.plist.xml; path = Info.plist; sourceTree = "<group>"; };
		85676B661B439022003E0380 /* main.m */ = {isa = PBXFileReference; lastKnownFileType = sourcecode.c.objc; path = main.m; sourceTree = "<group>"; };
		85676B681B439022003E0380 /* AppDelegate.h */ = {isa = PBXFileReference; lastKnownFileType = sourcecode.c.h; path = AppDelegate.h; sourceTree = "<group>"; };
		85676B691B439022003E0380 /* AppDelegate.m */ = {isa = PBXFileReference; lastKnownFileType = sourcecode.c.objc; path = AppDelegate.m; sourceTree = "<group>"; };
		85676B6B1B439022003E0380 /* ViewController.h */ = {isa = PBXFileReference; lastKnownFileType = sourcecode.c.h; path = ViewController.h; sourceTree = "<group>"; };
		85676B6C1B439022003E0380 /* ViewController.m */ = {isa = PBXFileReference; lastKnownFileType = sourcecode.c.objc; path = ViewController.m; sourceTree = "<group>"; };
		85676B6F1B439022003E0380 /* Base */ = {isa = PBXFileReference; lastKnownFileType = file.storyboard; name = Base; path = Base.lproj/Main.storyboard; sourceTree = "<group>"; };
		85676B711B439022003E0380 /* Images.xcassets */ = {isa = PBXFileReference; lastKnownFileType = folder.assetcatalog; path = Images.xcassets; sourceTree = "<group>"; };
		85676B741B439022003E0380 /* Base */ = {isa = PBXFileReference; lastKnownFileType = file.xib; name = Base; path = Base.lproj/LaunchScreen.xib; sourceTree = "<group>"; };
		85676B7A1B439022003E0380 /* SBTests.xctest */ = {isa = PBXFileReference; explicitFileType = wrapper.cfbundle; includeInIndex = 0; path = SBTests.xctest; sourceTree = BUILT_PRODUCTS_DIR; };
		85676B7F1B439022003E0380 /* Info.plist */ = {isa = PBXFileReference; lastKnownFileType = text.plist.xml; path = Info.plist; sourceTree = "<group>"; };
		85676B801B439022003E0380 /* SBTests.m */ = {isa = PBXFileReference; lastKnownFileType = sourcecode.c.objc; path = SBTests.m; sourceTree = "<group>"; };
/* End PBXFileReference section */

/* Begin PBXFrameworksBuildPhase section */
		85676B5E1B439022003E0380 /* Frameworks */ = {
			isa = PBXFrameworksBuildPhase;
			buildActionMask = 2147483647;
			files = (
			);
			runOnlyForDeploymentPostprocessing = 0;
		};
		85676B771B439022003E0380 /* Frameworks */ = {
			isa = PBXFrameworksBuildPhase;
			buildActionMask = 2147483647;
			files = (
			);
			runOnlyForDeploymentPostprocessing = 0;
		};
/* End PBXFrameworksBuildPhase section */

/* Begin PBXGroup section */
		85676B581B439022003E0380 = {
			isa = PBXGroup;
			children = (
				85676B631B439022003E0380 /* SB */,
				85676B7D1B439022003E0380 /* SBTests */,
				85676B621B439022003E0380 /* Products */,
			);
			sourceTree = "<group>";
		};
		85676B621B439022003E0380 /* Products */ = {
			isa = PBXGroup;
			children = (
				85676B611B439022003E0380 /* SB.app */,
				85676B7A1B439022003E0380 /* SBTests.xctest */,
			);
			name = Products;
			sourceTree = "<group>";
		};
		85676B631B439022003E0380 /* SB */ = {
			isa = PBXGroup;
			children = (
				85676B681B439022003E0380 /* AppDelegate.h */,
				85676B691B439022003E0380 /* AppDelegate.m */,
				85676B6B1B439022003E0380 /* ViewController.h */,
				85676B6C1B439022003E0380 /* ViewController.m */,
				85676B6E1B439022003E0380 /* Main.storyboard */,
				85676B711B439022003E0380 /* Images.xcassets */,
				85676B731B439022003E0380 /* LaunchScreen.xib */,
				85676B641B439022003E0380 /* Supporting Files */,
			);
			path = SB;
			sourceTree = "<group>";
		};
		85676B641B439022003E0380 /* Supporting Files */ = {
			isa = PBXGroup;
			children = (
				85676B651B439022003E0380 /* Info.plist */,
				85676B661B439022003E0380 /* main.m */,
			);
			name = "Supporting Files";
			sourceTree = "<group>";
		};
		85676B7D1B439022003E0380 /* SBTests */ = {
			isa = PBXGroup;
			children = (
				85676B801B439022003E0380 /* SBTests.m */,
				85676B7E1B439022003E0380 /* Supporting Files */,
			);
			path = SBTests;
			sourceTree = "<group>";
		};
		85676B7E1B439022003E0380 /* Supporting Files */ = {
			isa = PBXGroup;
			children = (
				85676B7F1B439022003E0380 /* Info.plist */,
			);
			name = "Supporting Files";
			sourceTree = "<group>";
		};
/* End PBXGroup section */

/* Begin PBXNativeTarget section */
		85676B601B439022003E0380 /* SB */ = {
			isa = PBXNativeTarget;
			buildConfigurationList = 85676B841B439022003E0380 /* Build configuration list for PBXNativeTarget "SB" */;
			buildPhases = (
				85676B5D1B439022003E0380 /* Sources */,
				85676B5E1B439022003E0380 /* Frameworks */,
				85676B5F1B439022003E0380 /* Resources */,
			);
			buildRules = (
			);
			dependencies = (
			);
			name = SB;
			productName = SB;
			productReference = 85676B611B439022003E0380 /* SB.app */;
			productType = "com.apple.product-type.application";
		};
		85676B791B439022003E0380 /* SBTests */ = {
			isa = PBXNativeTarget;
			buildConfigurationList = 85676B871B439022003E0380 /* Build configuration list for PBXNativeTarget "SBTests" */;
			buildPhases = (
				85676B761B439022003E0380 /* Sources */,
				85676B771B439022003E0380 /* Frameworks */,
				85676B781B439022003E0380 /* Resources */,
			);
			buildRules = (
			);
			dependencies = (
				85676B7C1B439022003E0380 /* PBXTargetDependency */,
			);
			name = SBTests;
			productName = SBTests;
			productReference = 85676B7A1B439022003E0380 /* SBTests.xctest */;
			productType = "com.apple.product-type.bundle.unit-test";
		};
/* End PBXNativeTarget section */

/* Begin PBXProject section */
		85676B591B439022003E0380 /* Project object */ = {
			isa = PBXProject;
			attributes = {
				LastUpgradeCheck = 0630;
				ORGANIZATIONNAME = Tarena;
				TargetAttributes = {
					85676B601B439022003E0380 = {
						CreatedOnToolsVersion = 6.3.1;
					};
					85676B791B439022003E0380 = {
						CreatedOnToolsVersion = 6.3.1;
						TestTargetID = 85676B601B439022003E0380;
					};
				};
			};
			buildConfigurationList = 85676B5C1B439022003E0380 /* Build configuration list for PBXProject "SB" */;
			compatibilityVersion = "Xcode 3.2";
			developmentRegion = English;
			hasScannedForEncodings = 0;
			knownRegions = (
				en,
				Base,
			);
			mainGroup = 85676B581B439022003E0380;
			productRefGroup = 85676B621B439022003E0380 /* Products */;
			projectDirPath = "";
			projectRoot = "";
			targets = (
				85676B601B439022003E0380 /* SB */,
				85676B791B439022003E0380 /* SBTests */,
			);
		};
/* End PBXProject section */

/* Begin PBXResourcesBuildPhase section */
		85676B5F1B439022003E0380 /* Resources */ = {
			isa = PBXResourcesBuildPhase;
			buildActionMask = 2147483647;
			files = (
				85676B701B439022003E0380 /* Main.storyboard in Resources */,
				85676B751B439022003E0380 /* LaunchScreen.xib in Resources */,
				85676B721B439022003E0380 /* Images.xcassets in Resources */,
			);
			runOnlyForDeploymentPostprocessing = 0;
		};
		85676B781B439022003E0380 /* Resources */ = {
			isa = PBXResourcesBuildPhase;
			buildActionMask = 2147483647;
			files = (
			);
			runOnlyForDeploymentPostprocessing = 0;
		};
/* End PBXResourcesBuildPhase section */

/* Begin PBXSourcesBuildPhase section */
		85676B5D1B439022003E0380 /* Sources */ = {
			isa = PBXSourcesBuildPhase;
			buildActionMask = 2147483647;
			files = (
				85676B6D1B439022003E0380 /* ViewController.m in Sources */,
				85676B6A1B439022003E0380 /* AppDelegate.m in Sources */,
				85676B671B439022003E0380 /* main.m in Sources */,
			);
			runOnlyForDeploymentPostprocessing = 0;
		};
		85676B761B439022003E0380 /* Sources */ = {
			isa = PBXSourcesBuildPhase;
			buildActionMask = 2147483647;
			files = (
				85676B811B439022003E0380 /* SBTests.m in Sources */,
			);
			runOnlyForDeploymentPostprocessing = 0;
		};
/* End PBXSourcesBuildPhase section */

/* Begin PBXTargetDependency section */
		85676B7C1B439022003E0380 /* PBXTargetDependency */ = {
			isa = PBXTargetDependency;
			target = 85676B601B439022003E0380 /* SB */;
			targetProxy = 85676B7B1B439022003E0380 /* PBXContainerItemProxy */;
		};
/* End PBXTargetDependency section */

/* Begin PBXVariantGroup section */
		85676B6E1B439022003E0380 /* Main.storyboard */ = {
			isa = PBXVariantGroup;
			children = (
				85676B6F1B439022003E0380 /* Base */,
			);
			name = Main.storyboard;
			sourceTree = "<group>";
		};
		85676B731B439022003E0380 /* LaunchScreen.xib */ = {
			isa = PBXVariantGroup;
			children = (
				85676B741B439022003E0380 /* Base */,
			);
			name = LaunchScreen.xib;
			sourceTree = "<group>";
		};
/* End PBXVariantGroup section */

/* Begin XCBuildConfiguration section */
		85676B821B439022003E0380 /* Debug */ = {
			isa = XCBuildConfiguration;
			buildSettings = {
				ALWAYS_SEARCH_USER_PATHS = NO;
				CLANG_CXX_LANGUAGE_STANDARD = "gnu++0x";
				CLANG_CXX_LIBRARY = "libc++";
				CLANG_ENABLE_MODULES = YES;
				CLANG_ENABLE_OBJC_ARC = YES;
				CLANG_WARN_BOOL_CONVERSION = YES;
				CLANG_WARN_CONSTANT_CONVERSION = YES;
				CLANG_WARN_DIRECT_OBJC_ISA_USAGE = YES_ERROR;
				CLANG_WARN_EMPTY_BODY = YES;
				CLANG_WARN_ENUM_CONVERSION = YES;
				CLANG_WARN_INT_CONVERSION = YES;
				CLANG_WARN_OBJC_ROOT_CLASS = YES_ERROR;
				CLANG_WARN_UNREACHABLE_CODE = YES;
				CLANG_WARN__DUPLICATE_METHOD_MATCH = YES;
				"CODE_SIGN_IDENTITY[sdk=iphoneos*]" = "iPhone Developer";
				COPY_PHASE_STRIP = NO;
				DEBUG_INFORMATION_FORMAT = "dwarf-with-dsym";
				ENABLE_STRICT_OBJC_MSGSEND = YES;
				GCC_C_LANGUAGE_STANDARD = gnu99;
				GCC_DYNAMIC_NO_PIC = NO;
				GCC_NO_COMMON_BLOCKS = YES;
				GCC_OPTIMIZATION_LEVEL = 0;
				GCC_PREPROCESSOR_DEFINITIONS = (
					"DEBUG=1",
					"$(inherited)",
				);
				GCC_SYMBOLS_PRIVATE_EXTERN = NO;
				GCC_WARN_64_TO_32_BIT_CONVERSION = YES;
				GCC_WARN_ABOUT_RETURN_TYPE = YES_ERROR;
				GCC_WARN_UNDECLARED_SELECTOR = YES;
				GCC_WARN_UNINITIALIZED_AUTOS = YES_AGGRESSIVE;
				GCC_WARN_UNUSED_FUNCTION = YES;
				GCC_WARN_UNUSED_VARIABLE = YES;
				IPHONEOS_DEPLOYMENT_TARGET = 8.3;
				MTL_ENABLE_DEBUG_INFO = YES;
				ONLY_ACTIVE_ARCH = YES;
				SDKROOT = iphoneos;
			};
			name = Debug;
		};
		85676B831B439022003E0380 /* Release */ = {
			isa = XCBuildConfiguration;
			buildSettings = {
				ALWAYS_SEARCH_USER_PATHS = NO;
				CLANG_CXX_LANGUAGE_STANDARD = "gnu++0x";
				CLANG_CXX_LIBRARY = "libc++";
				CLANG_ENABLE_MODULES = YES;
				CLANG_ENABLE_OBJC_ARC = YES;
				CLANG_WARN_BOOL_CONVERSION = YES;
				CLANG_WARN_CONSTANT_CONVERSION = YES;
				CLANG_WARN_DIRECT_OBJC_ISA_USAGE = YES_ERROR;
				CLANG_WARN_EMPTY_BODY = YES;
				CLANG_WARN_ENUM_CONVERSION = YES;
				CLANG_WARN_INT_CONVERSION = YES;
				CLANG_WARN_OBJC_ROOT_CLASS = YES_ERROR;
				CLANG_WARN_UNREACHABLE_CODE = YES;
				CLANG_WARN__DUPLICATE_METHOD_MATCH = YES;
				"CODE_SIGN_IDENTITY[sdk=iphoneos*]" = "iPhone Developer";
				COPY_PHASE_STRIP = NO;
				DEBUG_INFORMATION_FORMAT = "dwarf-with-dsym";
				ENABLE_NS_ASSERTIONS = NO;
				ENABLE_STRICT_OBJC_MSGSEND = YES;
				GCC_C_LANGUAGE_STANDARD = gnu99;
				GCC_NO_COMMON_BLOCKS = YES;
				GCC_WARN_64_TO_32_BIT_CONVERSION = YES;
				GCC_WARN_ABOUT_RETURN_TYPE = YES_ERROR;
				GCC_WARN_UNDECLARED_SELECTOR = YES;
				GCC_WARN_UNINITIALIZED_AUTOS = YES_AGGRESSIVE;
				GCC_WARN_UNUSED_FUNCTION = YES;
				GCC_WARN_UNUSED_VARIABLE = YES;
				IPHONEOS_DEPLOYMENT_TARGET = 8.3;
				MTL_ENABLE_DEBUG_INFO = NO;
				SDKROOT = iphoneos;
				VALIDATE_PRODUCT = YES;
			};
			name = Release;
		};
		85676B851B439022003E0380 /* Debug */ = {
			isa = XCBuildConfiguration;
			buildSettings = {
				ASSETCATALOG_COMPILER_APPICON_NAME = AppIcon;
				INFOPLIST_FILE = SB/Info.plist;
				LD_RUNPATH_SEARCH_PATHS = "$(inherited) @executable_path/Frameworks";
				PRODUCT_NAME = "$(TARGET_NAME)";
			};
			name = Debug;
		};
		85676B861B439022003E0380 /* Release */ = {
			isa = XCBuildConfiguration;
			buildSettings = {
				ASSETCATALOG_COMPILER_APPICON_NAME = AppIcon;
				INFOPLIST_FILE = SB/Info.plist;
				LD_RUNPATH_SEARCH_PATHS = "$(inherited) @executable_path/Frameworks";
				PRODUCT_NAME = "$(TARGET_NAME)";
			};
			name = Release;
		};
		85676B881B439022003E0380 /* Debug */ = {
			isa = XCBuildConfiguration;
			buildSettings = {
				BUNDLE_LOADER = "$(TEST_HOST)";
				FRAMEWORK_SEARCH_PATHS = (
					"$(SDKROOT)/Developer/Library/Frameworks",
					"$(inherited)",
				);
				GCC_PREPROCESSOR_DEFINITIONS = (
					"DEBUG=1",
					"$(inherited)",
				);
				INFOPLIST_FILE = SBTests/Info.plist;
				LD_RUNPATH_SEARCH_PATHS = "$(inherited) @executable_path/Frameworks @loader_path/Frameworks";
				PRODUCT_NAME = "$(TARGET_NAME)";
				TEST_HOST = "$(BUILT_PRODUCTS_DIR)/SB.app/SB";
			};
			name = Debug;
		};
		85676B891B439022003E0380 /* Release */ = {
			isa = XCBuildConfiguration;
			buildSettings = {
				BUNDLE_LOADER = "$(TEST_HOST)";
				FRAMEWORK_SEARCH_PATHS = (
					"$(SDKROOT)/Developer/Library/Frameworks",
					"$(inherited)",
				);
				INFOPLIST_FILE = SBTests/Info.plist;
				LD_RUNPATH_SEARCH_PATHS = "$(inherited) @executable_path/Frameworks @loader_path/Frameworks";
				PRODUCT_NAME = "$(TARGET_NAME)";
				TEST_HOST = "$(BUILT_PRODUCTS_DIR)/SB.app/SB";
			};
			name = Release;
		};
/* End XCBuildConfiguration section */

/* Begin XCConfigurationList section */
		85676B5C1B439022003E0380 /* Build configuration list for PBXProject "SB" */ = {
			isa = XCConfigurationList;
			buildConfigurations = (
				85676B821B439022003E0380 /* Debug */,
				85676B831B439022003E0380 /* Release */,
			);
			defaultConfigurationIsVisible = 0;
			defaultConfigurationName = Release;
		};
		85676B841B439022003E0380 /* Build configuration list for PBXNativeTarget "SB" */ = {
			isa = XCConfigurationList;
			buildConfigurations = (
				85676B851B439022003E0380 /* Debug */,
				85676B861B439022003E0380 /* Release */,
			);
			defaultConfigurationIsVisible = 0;
		};
		85676B871B439022003E0380 /* Build configuration list for PBXNativeTarget "SBTests" */ = {
			isa = XCConfigurationList;
			buildConfigurations = (
				85676B881B439022003E0380 /* Debug */,
				85676B891B439022003E0380 /* Release */,
			);
			defaultConfigurationIsVisible = 0;
		};
/* End XCConfigurationList section */
	};
	rootObject = 85676B591B439022003E0380 /* Project object */;
}
